
Microsoft Visual Studio Solution File, Format Version 12.00
# Visual Studio Version 17
VisualStudioVersion = 17.14.36221.1 d17.14
MinimumVisualStudioVersion = 10.0.40219.1
Project("{FAE04EC0-301F-11D3-BF4B-00C04F79EFBC}") = "HorasExtrasAppClean", "HorasExtrasAppClean.csproj", "{DFD75B96-2662-4ACA-3FD5-57803163843C}"
EndProject
Global
	GlobalSection(SolutionConfigurationPlatforms) = preSolution
		Debug|Any CPU = Debug|Any CPU
		Release|Any CPU = Release|Any CPU
	EndGlobalSection
	GlobalSection(ProjectConfigurationPlatforms) = postSolution
		{DFD75B96-2662-4ACA-3FD5-57803163843C}.Debug|Any CPU.ActiveCfg = Debug|Any CPU
		{DFD75B96-2662-4ACA-3FD5-57803163843C}.Debug|Any CPU.Build.0 = Debug|Any CPU
		{DFD75B96-2662-4ACA-3FD5-57803163843C}.Release|Any CPU.ActiveCfg = Release|Any CPU
		{DFD75B96-2662-4ACA-3FD5-57803163843C}.Release|Any CPU.Build.0 = Release|Any CPU
	EndGlobalSection
	GlobalSection(SolutionProperties) = preSolution
		HideSolutionNode = FALSE
	EndGlobalSection
	GlobalSection(ExtensibilityGlobals) = postSolution
		SolutionGuid = {57D2C3E3-8BA3-4CCC-8B3E-87AE122C317F}
	EndGlobalSection
EndGlobal
